Microsoft Visual Studio Solution File, Format Version 12.00
# Visual Studio Version 17
VisualStudioVersion = 17.2.32210.308
MinimumVisualStudioVersion = 15.0.26124.0
Project("{2150E333-8FDC-42A3-9474-1A3956D46DE8}") = "Source", "Source", "{A65D2569-A087-431D-8B43-2E5793E77ADD}"
EndProject
Project("{2150E333-8FDC-42A3-9474-1A3956D46DE8}") = "Platforms", "Platforms", "{D0CFCEDA-182D-4C20-8D7E-F0F73F0F4F47}"
EndProject
Project("{2150E333-8FDC-42A3-9474-1A3956D46DE8}") = "Tests", "Tests", "{F4A695FE-7803-4C21-8461-B9D908B89A82}"
EndProject
Project("{9A19103F-16F7-4668-BE54-9A1E7A4F7556}") = "uno_auth", "uno_auth\uno_auth.csproj", "{4CBC3679-B895-437D-9983-015C2B726A6E}"
EndProject
Project("{9A19103F-16F7-4668-BE54-9A1E7A4F7556}") = "uno_auth.Shared", "uno_auth.Shared\uno_auth.Shared.csproj", "{2189102C-8698-4760-A2C5-ADED686F84E2}"
EndProject
Project("{9A19103F-16F7-4668-BE54-9A1E7A4F7556}") = "uno_auth.Mobile", "uno_auth.Mobile\uno_auth.Mobile.csproj", "{8AAA0B28-1E1C-4535-97B6-3AA5F56F9163}"
EndProject
Project("{9A19103F-16F7-4668-BE54-9A1E7A4F7556}") = "uno_auth.Wasm", "uno_auth.Wasm\uno_auth.Wasm.csproj", "{4A7A791A-88B6-437D-BD15-6C1DB4A52F49}"
EndProject
Project("{9A19103F-16F7-4668-BE54-9A1E7A4F7556}") = "uno_auth.Skia.Gtk", "uno_auth.Skia.Gtk\uno_auth.Skia.Gtk.csproj", "{BF9E29AF-F435-4A50-9A0C-9379269B797A}"
EndProject
Project("{9A19103F-16F7-4668-BE54-9A1E7A4F7556}") = "uno_auth.Windows", "uno_auth.Windows\uno_auth.Windows.csproj", "{1C3366C7-9BAB-4200-B7A4-025E4B806170}"
EndProject
Project("{9A19103F-16F7-4668-BE54-9A1E7A4F7556}") = "uno_auth.DataContracts", "uno_auth.DataContracts\uno_auth.DataContracts.csproj", "{EC37DF1C-4732-4B06-A95F-C03366D9F360}"
EndProject
Project("{9A19103F-16F7-4668-BE54-9A1E7A4F7556}") = "uno_auth.Tests", "uno_auth.Tests\uno_auth.Tests.csproj", "{26D32D7D-C0A4-4A5B-88DF-9BECC246CBEE}"
EndProject
Project("{9A19103F-16F7-4668-BE54-9A1E7A4F7556}") = "uno_auth.UITests", "uno_auth.UITests\uno_auth.UITests.csproj", "{4BEB559F-1483-410B-9E68-7CA4F3039089}"
EndProject
Project("{2150E333-8FDC-42A3-9474-1A3956D46DE8}") = "Solution Items", "Solution Items", "{BADA71DC-7FFD-4EDC-9F28-FB74AEADC713}"
	ProjectSection(SolutionItems) = preProject
		.gitignore = .gitignore
		Directory.Build.props = Directory.Build.props
		Directory.Build.targets = Directory.Build.targets
		Directory.Packages.props = Directory.Packages.props
		global.json = global.json
		solution-config.props.sample = solution-config.props.sample
	EndProjectSection
EndProject
Global
	GlobalSection(SolutionConfigurationPlatforms) = preSolution
		Debug|Any CPU = Debug|Any CPU
		Debug|ARM = Debug|ARM
		Debug|ARM64 = Debug|ARM64
		Debug|iPhone = Debug|iPhone
		Debug|iPhoneSimulator = Debug|iPhoneSimulator
		Debug|x64 = Debug|x64
		Debug|x86 = Debug|x86
		Release|Any CPU = Release|Any CPU
		Release|ARM = Release|ARM
		Release|ARM64 = Release|ARM64
		Release|iPhone = Release|iPhone
		Release|iPhoneSimulator = Release|iPhoneSimulator
		Release|x64 = Release|x64
		Release|x86 = Release|x86
	EndGlobalSection
	GlobalSection(ProjectConfigurationPlatforms) = postSolution
		{4CBC3679-B895-437D-9983-015C2B726A6E}.Debug|Any CPU.ActiveCfg = Debug|Any CPU
		{4CBC3679-B895-437D-9983-015C2B726A6E}.Debug|Any CPU.Build.0 = Debug|Any CPU
		{4CBC3679-B895-437D-9983-015C2B726A6E}.Debug|ARM.ActiveCfg = Debug|Any CPU
		{4CBC3679-B895-437D-9983-015C2B726A6E}.Debug|ARM.Build.0 = Debug|Any CPU
		{4CBC3679-B895-437D-9983-015C2B726A6E}.Debug|ARM64.ActiveCfg = Debug|Any CPU
		{4CBC3679-B895-437D-9983-015C2B726A6E}.Debug|ARM64.Build.0 = Debug|Any CPU
		{4CBC3679-B895-437D-9983-015C2B726A6E}.Debug|iPhone.ActiveCfg = Debug|Any CPU
		{4CBC3679-B895-437D-9983-015C2B726A6E}.Debug|iPhone.Build.0 = Debug|Any CPU
		{4CBC3679-B895-437D-9983-015C2B726A6E}.Debug|iPhoneSimulator.ActiveCfg = Debug|Any CPU
		{4CBC3679-B895-437D-9983-015C2B726A6E}.Debug|iPhoneSimulator.Build.0 = Debug|Any CPU
		{4CBC3679-B895-437D-9983-015C2B726A6E}.Debug|x64.ActiveCfg = Debug|Any CPU
		{4CBC3679-B895-437D-9983-015C2B726A6E}.Debug|x64.Build.0 = Debug|Any CPU
		{4CBC3679-B895-437D-9983-015C2B726A6E}.Debug|x86.ActiveCfg = Debug|Any CPU
		{4CBC3679-B895-437D-9983-015C2B726A6E}.Debug|x86.Build.0 = Debug|Any CPU
		{4CBC3679-B895-437D-9983-015C2B726A6E}.Release|Any CPU.ActiveCfg = Release|Any CPU
		{4CBC3679-B895-437D-9983-015C2B726A6E}.Release|Any CPU.Build.0 = Release|Any CPU
		{4CBC3679-B895-437D-9983-015C2B726A6E}.Release|ARM.ActiveCfg = Release|Any CPU
		{4CBC3679-B895-437D-9983-015C2B726A6E}.Release|ARM.Build.0 = Release|Any CPU
		{4CBC3679-B895-437D-9983-015C2B726A6E}.Release|ARM64.ActiveCfg = Release|Any CPU
		{4CBC3679-B895-437D-9983-015C2B726A6E}.Release|ARM64.Build.0 = Release|Any CPU
		{4CBC3679-B895-437D-9983-015C2B726A6E}.Release|iPhone.ActiveCfg = Release|Any CPU
		{4CBC3679-B895-437D-9983-015C2B726A6E}.Release|iPhone.Build.0 = Release|Any CPU
		{4CBC3679-B895-437D-9983-015C2B726A6E}.Release|iPhoneSimulator.ActiveCfg = Release|Any CPU
		{4CBC3679-B895-437D-9983-015C2B726A6E}.Release|iPhoneSimulator.Build.0 = Release|Any CPU
		{4CBC3679-B895-437D-9983-015C2B726A6E}.Release|x64.ActiveCfg = Release|Any CPU
		{4CBC3679-B895-437D-9983-015C2B726A6E}.Release|x64.Build.0 = Release|Any CPU
		{4CBC3679-B895-437D-9983-015C2B726A6E}.Release|x86.ActiveCfg = Release|Any CPU
		{4CBC3679-B895-437D-9983-015C2B726A6E}.Release|x86.Build.0 = Release|Any CPU
		{2189102C-8698-4760-A2C5-ADED686F84E2}.Debug|Any CPU.ActiveCfg = Debug|Any CPU
		{2189102C-8698-4760-A2C5-ADED686F84E2}.Debug|Any CPU.Build.0 = Debug|Any CPU
		{2189102C-8698-4760-A2C5-ADED686F84E2}.Debug|ARM.ActiveCfg = Debug|Any CPU
		{2189102C-8698-4760-A2C5-ADED686F84E2}.Debug|ARM.Build.0 = Debug|Any CPU
		{2189102C-8698-4760-A2C5-ADED686F84E2}.Debug|ARM64.ActiveCfg = Debug|Any CPU
		{2189102C-8698-4760-A2C5-ADED686F84E2}.Debug|ARM64.Build.0 = Debug|Any CPU
		{2189102C-8698-4760-A2C5-ADED686F84E2}.Debug|iPhone.ActiveCfg = Debug|Any CPU
		{2189102C-8698-4760-A2C5-ADED686F84E2}.Debug|iPhone.Build.0 = Debug|Any CPU
		{2189102C-8698-4760-A2C5-ADED686F84E2}.Debug|iPhoneSimulator.ActiveCfg = Debug|Any CPU
		{2189102C-8698-4760-A2C5-ADED686F84E2}.Debug|iPhoneSimulator.Build.0 = Debug|Any CPU
		{2189102C-8698-4760-A2C5-ADED686F84E2}.Debug|x64.ActiveCfg = Debug|Any CPU
		{2189102C-8698-4760-A2C5-ADED686F84E2}.Debug|x64.Build.0 = Debug|Any CPU
		{2189102C-8698-4760-A2C5-ADED686F84E2}.Debug|x86.ActiveCfg = Debug|Any CPU
		{2189102C-8698-4760-A2C5-ADED686F84E2}.Debug|x86.Build.0 = Debug|Any CPU
		{2189102C-8698-4760-A2C5-ADED686F84E2}.Release|Any CPU.ActiveCfg = Release|Any CPU
		{2189102C-8698-4760-A2C5-ADED686F84E2}.Release|Any CPU.Build.0 = Release|Any CPU
		{2189102C-8698-4760-A2C5-ADED686F84E2}.Release|ARM.ActiveCfg = Release|Any CPU
		{2189102C-8698-4760-A2C5-ADED686F84E2}.Release|ARM.Build.0 = Release|Any CPU
		{2189102C-8698-4760-A2C5-ADED686F84E2}.Release|ARM64.ActiveCfg = Release|Any CPU
		{2189102C-8698-4760-A2C5-ADED686F84E2}.Release|ARM64.Build.0 = Release|Any CPU
		{2189102C-8698-4760-A2C5-ADED686F84E2}.Release|iPhone.ActiveCfg = Release|Any CPU
		{2189102C-8698-4760-A2C5-ADED686F84E2}.Release|iPhone.Build.0 = Release|Any CPU
		{2189102C-8698-4760-A2C5-ADED686F84E2}.Release|iPhoneSimulator.ActiveCfg = Release|Any CPU
		{2189102C-8698-4760-A2C5-ADED686F84E2}.Release|iPhoneSimulator.Build.0 = Release|Any CPU
		{2189102C-8698-4760-A2C5-ADED686F84E2}.Release|x64.ActiveCfg = Release|Any CPU
		{2189102C-8698-4760-A2C5-ADED686F84E2}.Release|x64.Build.0 = Release|Any CPU
		{2189102C-8698-4760-A2C5-ADED686F84E2}.Release|x86.ActiveCfg = Release|Any CPU
		{2189102C-8698-4760-A2C5-ADED686F84E2}.Release|x86.Build.0 = Release|Any CPU
		{8AAA0B28-1E1C-4535-97B6-3AA5F56F9163}.Debug|Any CPU.ActiveCfg = Debug|Any CPU
		{8AAA0B28-1E1C-4535-97B6-3AA5F56F9163}.Debug|Any CPU.Build.0 = Debug|Any CPU
		{8AAA0B28-1E1C-4535-97B6-3AA5F56F9163}.Debug|Any CPU.Deploy.0 = Debug|Any CPU
		{8AAA0B28-1E1C-4535-97B6-3AA5F56F9163}.Debug|ARM.ActiveCfg = Debug|Any CPU
		{8AAA0B28-1E1C-4535-97B6-3AA5F56F9163}.Debug|ARM.Build.0 = Debug|Any CPU
		{8AAA0B28-1E1C-4535-97B6-3AA5F56F9163}.Debug|ARM.Deploy.0 = Debug|Any CPU
		{8AAA0B28-1E1C-4535-97B6-3AA5F56F9163}.Debug|ARM64.ActiveCfg = Debug|Any CPU
		{8AAA0B28-1E1C-4535-97B6-3AA5F56F9163}.Debug|ARM64.Build.0 = Debug|Any CPU
		{8AAA0B28-1E1C-4535-97B6-3AA5F56F9163}.Debug|ARM64.Deploy.0 = Debug|Any CPU
		{8AAA0B28-1E1C-4535-97B6-3AA5F56F9163}.Debug|iPhone.ActiveCfg = Debug|Any CPU
		{8AAA0B28-1E1C-4535-97B6-3AA5F56F9163}.Debug|iPhone.Build.0 = Debug|Any CPU
		{8AAA0B28-1E1C-4535-97B6-3AA5F56F9163}.Debug|iPhone.Deploy.0 = Debug|Any CPU
		{8AAA0B28-1E1C-4535-97B6-3AA5F56F9163}.Debug|iPhoneSimulator.ActiveCfg = Debug|Any CPU
		{8AAA0B28-1E1C-4535-97B6-3AA5F56F9163}.Debug|iPhoneSimulator.Build.0 = Debug|Any CPU
		{8AAA0B28-1E1C-4535-97B6-3AA5F56F9163}.Debug|iPhoneSimulator.Deploy.0 = Debug|Any CPU
		{8AAA0B28-1E1C-4535-97B6-3AA5F56F9163}.Debug|x64.ActiveCfg = Debug|Any CPU
		{8AAA0B28-1E1C-4535-97B6-3AA5F56F9163}.Debug|x64.Build.0 = Debug|Any CPU
		{8AAA0B28-1E1C-4535-97B6-3AA5F56F9163}.Debug|x64.Deploy.0 = Debug|Any CPU
		{8AAA0B28-1E1C-4535-97B6-3AA5F56F9163}.Debug|x86.ActiveCfg = Debug|Any CPU
		{8AAA0B28-1E1C-4535-97B6-3AA5F56F9163}.Debug|x86.Build.0 = Debug|Any CPU
		{8AAA0B28-1E1C-4535-97B6-3AA5F56F9163}.Debug|x86.Deploy.0 = Debug|Any CPU
		{8AAA0B28-1E1C-4535-97B6-3AA5F56F9163}.Release|Any CPU.ActiveCfg = Release|Any CPU
		{8AAA0B28-1E1C-4535-97B6-3AA5F56F9163}.Release|Any CPU.Build.0 = Release|Any CPU
		{8AAA0B28-1E1C-4535-97B6-3AA5F56F9163}.Release|Any CPU.Deploy.0 = Release|Any CPU
		{8AAA0B28-1E1C-4535-97B6-3AA5F56F9163}.Release|ARM.ActiveCfg = Release|Any CPU
		{8AAA0B28-1E1C-4535-97B6-3AA5F56F9163}.Release|ARM.Build.0 = Release|Any CPU
		{8AAA0B28-1E1C-4535-97B6-3AA5F56F9163}.Release|ARM.Deploy.0 = Release|Any CPU
		{8AAA0B28-1E1C-4535-97B6-3AA5F56F9163}.Release|ARM64.ActiveCfg = Release|Any CPU
		{8AAA0B28-1E1C-4535-97B6-3AA5F56F9163}.Release|ARM64.Build.0 = Release|Any CPU
		{8AAA0B28-1E1C-4535-97B6-3AA5F56F9163}.Release|ARM64.Deploy.0 = Release|Any CPU
		{8AAA0B28-1E1C-4535-97B6-3AA5F56F9163}.Release|iPhone.ActiveCfg = Release|Any CPU
		{8AAA0B28-1E1C-4535-97B6-3AA5F56F9163}.Release|iPhone.Build.0 = Release|Any CPU
		{8AAA0B28-1E1C-4535-97B6-3AA5F56F9163}.Release|iPhone.Deploy.0 = Release|Any CPU
		{8AAA0B28-1E1C-4535-97B6-3AA5F56F9163}.Release|iPhoneSimulator.ActiveCfg = Release|Any CPU
		{8AAA0B28-1E1C-4535-97B6-3AA5F56F9163}.Release|iPhoneSimulator.Build.0 = Release|Any CPU
		{8AAA0B28-1E1C-4535-97B6-3AA5F56F9163}.Release|iPhoneSimulator.Deploy.0 = Release|Any CPU
		{8AAA0B28-1E1C-4535-97B6-3AA5F56F9163}.Release|x64.ActiveCfg = Release|Any CPU
		{8AAA0B28-1E1C-4535-97B6-3AA5F56F9163}.Release|x64.Build.0 = Release|Any CPU
		{8AAA0B28-1E1C-4535-97B6-3AA5F56F9163}.Release|x64.Deploy.0 = Release|Any CPU
		{8AAA0B28-1E1C-4535-97B6-3AA5F56F9163}.Release|x86.ActiveCfg = Release|Any CPU
		{8AAA0B28-1E1C-4535-97B6-3AA5F56F9163}.Release|x86.Build.0 = Release|Any CPU
		{8AAA0B28-1E1C-4535-97B6-3AA5F56F9163}.Release|x86.Deploy.0 = Release|Any CPU
		{4A7A791A-88B6-437D-BD15-6C1DB4A52F49}.Debug|Any CPU.ActiveCfg = Debug|Any CPU
		{4A7A791A-88B6-437D-BD15-6C1DB4A52F49}.Debug|Any CPU.Build.0 = Debug|Any CPU
		{4A7A791A-88B6-437D-BD15-6C1DB4A52F49}.Debug|ARM.ActiveCfg = Debug|Any CPU
		{4A7A791A-88B6-437D-BD15-6C1DB4A52F49}.Debug|ARM.Build.0 = Debug|Any CPU
		{4A7A791A-88B6-437D-BD15-6C1DB4A52F49}.Debug|ARM64.ActiveCfg = Debug|Any CPU
		{4A7A791A-88B6-437D-BD15-6C1DB4A52F49}.Debug|ARM64.Build.0 = Debug|Any CPU
		{4A7A791A-88B6-437D-BD15-6C1DB4A52F49}.Debug|iPhone.ActiveCfg = Debug|Any CPU
		{4A7A791A-88B6-437D-BD15-6C1DB4A52F49}.Debug|iPhone.Build.0 = Debug|Any CPU
		{4A7A791A-88B6-437D-BD15-6C1DB4A52F49}.Debug|iPhoneSimulator.ActiveCfg = Debug|Any CPU
		{4A7A791A-88B6-437D-BD15-6C1DB4A52F49}.Debug|iPhoneSimulator.Build.0 = Debug|Any CPU
		{4A7A791A-88B6-437D-BD15-6C1DB4A52F49}.Debug|x64.ActiveCfg = Debug|Any CPU
		{4A7A791A-88B6-437D-BD15-6C1DB4A52F49}.Debug|x64.Build.0 = Debug|Any CPU
		{4A7A791A-88B6-437D-BD15-6C1DB4A52F49}.Debug|x86.ActiveCfg = Debug|Any CPU
		{4A7A791A-88B6-437D-BD15-6C1DB4A52F49}.Debug|x86.Build.0 = Debug|Any CPU
		{4A7A791A-88B6-437D-BD15-6C1DB4A52F49}.Release|Any CPU.ActiveCfg = Release|Any CPU
		{4A7A791A-88B6-437D-BD15-6C1DB4A52F49}.Release|Any CPU.Build.0 = Release|Any CPU
		{4A7A791A-88B6-437D-BD15-6C1DB4A52F49}.Release|ARM.ActiveCfg = Release|Any CPU
		{4A7A791A-88B6-437D-BD15-6C1DB4A52F49}.Release|ARM.Build.0 = Release|Any CPU
		{4A7A791A-88B6-437D-BD15-6C1DB4A52F49}.Release|ARM64.ActiveCfg = Release|Any CPU
		{4A7A791A-88B6-437D-BD15-6C1DB4A52F49}.Release|ARM64.Build.0 = Release|Any CPU
		{4A7A791A-88B6-437D-BD15-6C1DB4A52F49}.Release|iPhone.ActiveCfg = Release|Any CPU
		{4A7A791A-88B6-437D-BD15-6C1DB4A52F49}.Release|iPhone.Build.0 = Release|Any CPU
		{4A7A791A-88B6-437D-BD15-6C1DB4A52F49}.Release|iPhoneSimulator.ActiveCfg = Release|Any CPU
		{4A7A791A-88B6-437D-BD15-6C1DB4A52F49}.Release|iPhoneSimulator.Build.0 = Release|Any CPU
		{4A7A791A-88B6-437D-BD15-6C1DB4A52F49}.Release|x64.ActiveCfg = Release|Any CPU
		{4A7A791A-88B6-437D-BD15-6C1DB4A52F49}.Release|x64.Build.0 = Release|Any CPU
		{4A7A791A-88B6-437D-BD15-6C1DB4A52F49}.Release|x86.ActiveCfg = Release|Any CPU
		{4A7A791A-88B6-437D-BD15-6C1DB4A52F49}.Release|x86.Build.0 = Release|Any CPU
		{BF9E29AF-F435-4A50-9A0C-9379269B797A}.Debug|Any CPU.ActiveCfg = Debug|Any CPU
		{BF9E29AF-F435-4A50-9A0C-9379269B797A}.Debug|Any CPU.Build.0 = Debug|Any CPU
		{BF9E29AF-F435-4A50-9A0C-9379269B797A}.Debug|ARM.ActiveCfg = Debug|Any CPU
		{BF9E29AF-F435-4A50-9A0C-9379269B797A}.Debug|ARM.Build.0 = Debug|Any CPU
		{BF9E29AF-F435-4A50-9A0C-9379269B797A}.Debug|ARM64.ActiveCfg = Debug|Any CPU
		{BF9E29AF-F435-4A50-9A0C-9379269B797A}.Debug|ARM64.Build.0 = Debug|Any CPU
		{BF9E29AF-F435-4A50-9A0C-9379269B797A}.Debug|iPhone.ActiveCfg = Debug|Any CPU
		{BF9E29AF-F435-4A50-9A0C-9379269B797A}.Debug|iPhone.Build.0 = Debug|Any CPU
		{BF9E29AF-F435-4A50-9A0C-9379269B797A}.Debug|iPhoneSimulator.ActiveCfg = Debug|Any CPU
		{BF9E29AF-F435-4A50-9A0C-9379269B797A}.Debug|iPhoneSimulator.Build.0 = Debug|Any CPU
		{BF9E29AF-F435-4A50-9A0C-9379269B797A}.Debug|x64.ActiveCfg = Debug|Any CPU
		{BF9E29AF-F435-4A50-9A0C-9379269B797A}.Debug|x64.Build.0 = Debug|Any CPU
		{BF9E29AF-F435-4A50-9A0C-9379269B797A}.Debug|x86.ActiveCfg = Debug|Any CPU
		{BF9E29AF-F435-4A50-9A0C-9379269B797A}.Debug|x86.Build.0 = Debug|Any CPU
		{BF9E29AF-F435-4A50-9A0C-9379269B797A}.Release|Any CPU.ActiveCfg = Release|Any CPU
		{BF9E29AF-F435-4A50-9A0C-9379269B797A}.Release|Any CPU.Build.0 = Release|Any CPU
		{BF9E29AF-F435-4A50-9A0C-9379269B797A}.Release|ARM.ActiveCfg = Release|Any CPU
		{BF9E29AF-F435-4A50-9A0C-9379269B797A}.Release|ARM.Build.0 = Release|Any CPU
		{BF9E29AF-F435-4A50-9A0C-9379269B797A}.Release|ARM64.ActiveCfg = Release|Any CPU
		{BF9E29AF-F435-4A50-9A0C-9379269B797A}.Release|ARM64.Build.0 = Release|Any CPU
		{BF9E29AF-F435-4A50-9A0C-9379269B797A}.Release|iPhone.ActiveCfg = Release|Any CPU
		{BF9E29AF-F435-4A50-9A0C-9379269B797A}.Release|iPhone.Build.0 = Release|Any CPU
		{BF9E29AF-F435-4A50-9A0C-9379269B797A}.Release|iPhoneSimulator.ActiveCfg = Release|Any CPU
		{BF9E29AF-F435-4A50-9A0C-9379269B797A}.Release|iPhoneSimulator.Build.0 = Release|Any CPU
		{BF9E29AF-F435-4A50-9A0C-9379269B797A}.Release|x64.ActiveCfg = Release|Any CPU
		{BF9E29AF-F435-4A50-9A0C-9379269B797A}.Release|x64.Build.0 = Release|Any CPU
		{BF9E29AF-F435-4A50-9A0C-9379269B797A}.Release|x86.ActiveCfg = Release|Any CPU
		{BF9E29AF-F435-4A50-9A0C-9379269B797A}.Release|x86.Build.0 = Release|Any CPU
		{1C3366C7-9BAB-4200-B7A4-025E4B806170}.Debug|Any CPU.ActiveCfg = Debug|x64
		{1C3366C7-9BAB-4200-B7A4-025E4B806170}.Debug|Any CPU.Build.0 = Debug|x64
		{1C3366C7-9BAB-4200-B7A4-025E4B806170}.Debug|Any CPU.Deploy.0 = Debug|x64
		{1C3366C7-9BAB-4200-B7A4-025E4B806170}.Debug|ARM.ActiveCfg = Debug|x64
		{1C3366C7-9BAB-4200-B7A4-025E4B806170}.Debug|ARM.Build.0 = Debug|x64
		{1C3366C7-9BAB-4200-B7A4-025E4B806170}.Debug|ARM.Deploy.0 = Debug|x64
		{1C3366C7-9BAB-4200-B7A4-025E4B806170}.Debug|ARM64.ActiveCfg = Debug|arm64
		{1C3366C7-9BAB-4200-B7A4-025E4B806170}.Debug|ARM64.Build.0 = Debug|arm64
		{1C3366C7-9BAB-4200-B7A4-025E4B806170}.Debug|ARM64.Deploy.0 = Debug|arm64
		{1C3366C7-9BAB-4200-B7A4-025E4B806170}.Debug|iPhone.ActiveCfg = Debug|x64
		{1C3366C7-9BAB-4200-B7A4-025E4B806170}.Debug|iPhone.Build.0 = Debug|x64
		{1C3366C7-9BAB-4200-B7A4-025E4B806170}.Debug|iPhone.Deploy.0 = Debug|x64
		{1C3366C7-9BAB-4200-B7A4-025E4B806170}.Debug|iPhoneSimulator.ActiveCfg = Debug|x64
		{1C3366C7-9BAB-4200-B7A4-025E4B806170}.Debug|iPhoneSimulator.Build.0 = Debug|x64
		{1C3366C7-9BAB-4200-B7A4-025E4B806170}.Debug|iPhoneSimulator.Deploy.0 = Debug|x64
		{1C3366C7-9BAB-4200-B7A4-025E4B806170}.Debug|x64.ActiveCfg = Debug|x64
		{1C3366C7-9BAB-4200-B7A4-025E4B806170}.Debug|x64.Build.0 = Debug|x64
		{1C3366C7-9BAB-4200-B7A4-025E4B806170}.Debug|x86.ActiveCfg = Debug|x86
		{1C3366C7-9BAB-4200-B7A4-025E4B806170}.Debug|x86.Build.0 = Debug|x86
		{1C3366C7-9BAB-4200-B7A4-025E4B806170}.Release|Any CPU.ActiveCfg = Release|x64
		{1C3366C7-9BAB-4200-B7A4-025E4B806170}.Release|Any CPU.Build.0 = Release|x64
		{1C3366C7-9BAB-4200-B7A4-025E4B806170}.Release|Any CPU.Deploy.0 = Release|x64
		{1C3366C7-9BAB-4200-B7A4-025E4B806170}.Release|ARM.ActiveCfg = Release|x64
		{1C3366C7-9BAB-4200-B7A4-025E4B806170}.Release|ARM.Build.0 = Release|x64
		{1C3366C7-9BAB-4200-B7A4-025E4B806170}.Release|ARM64.ActiveCfg = Release|arm64
		{1C3366C7-9BAB-4200-B7A4-025E4B806170}.Release|ARM64.Build.0 = Release|arm64
		{1C3366C7-9BAB-4200-B7A4-025E4B806170}.Release|iPhone.ActiveCfg = Release|x64
		{1C3366C7-9BAB-4200-B7A4-025E4B806170}.Release|iPhone.Build.0 = Release|x64
		{1C3366C7-9BAB-4200-B7A4-025E4B806170}.Release|iPhoneSimulator.ActiveCfg = Release|x64
		{1C3366C7-9BAB-4200-B7A4-025E4B806170}.Release|iPhoneSimulator.Build.0 = Release|x64
		{1C3366C7-9BAB-4200-B7A4-025E4B806170}.Release|x64.ActiveCfg = Release|x64
		{1C3366C7-9BAB-4200-B7A4-025E4B806170}.Release|x64.Build.0 = Release|x64
		{1C3366C7-9BAB-4200-B7A4-025E4B806170}.Release|x86.ActiveCfg = Release|x86
		{1C3366C7-9BAB-4200-B7A4-025E4B806170}.Release|x86.Build.0 = Release|x86
		{EC37DF1C-4732-4B06-A95F-C03366D9F360}.Debug|Any CPU.ActiveCfg = Debug|Any CPU
		{EC37DF1C-4732-4B06-A95F-C03366D9F360}.Debug|Any CPU.Build.0 = Debug|Any CPU
		{EC37DF1C-4732-4B06-A95F-C03366D9F360}.Debug|ARM.ActiveCfg = Debug|Any CPU
		{EC37DF1C-4732-4B06-A95F-C03366D9F360}.Debug|ARM.Build.0 = Debug|Any CPU
		{EC37DF1C-4732-4B06-A95F-C03366D9F360}.Debug|ARM64.ActiveCfg = Debug|Any CPU
		{EC37DF1C-4732-4B06-A95F-C03366D9F360}.Debug|ARM64.Build.0 = Debug|Any CPU
		{EC37DF1C-4732-4B06-A95F-C03366D9F360}.Debug|iPhone.ActiveCfg = Debug|Any CPU
		{EC37DF1C-4732-4B06-A95F-C03366D9F360}.Debug|iPhone.Build.0 = Debug|Any CPU
		{EC37DF1C-4732-4B06-A95F-C03366D9F360}.Debug|iPhoneSimulator.ActiveCfg = Debug|Any CPU
		{EC37DF1C-4732-4B06-A95F-C03366D9F360}.Debug|iPhoneSimulator.Build.0 = Debug|Any CPU
		{EC37DF1C-4732-4B06-A95F-C03366D9F360}.Debug|x64.ActiveCfg = Debug|Any CPU
		{EC37DF1C-4732-4B06-A95F-C03366D9F360}.Debug|x64.Build.0 = Debug|Any CPU
		{EC37DF1C-4732-4B06-A95F-C03366D9F360}.Debug|x86.ActiveCfg = Debug|Any CPU
		{EC37DF1C-4732-4B06-A95F-C03366D9F360}.Debug|x86.Build.0 = Debug|Any CPU
		{EC37DF1C-4732-4B06-A95F-C03366D9F360}.Release|Any CPU.ActiveCfg = Release|Any CPU
		{EC37DF1C-4732-4B06-A95F-C03366D9F360}.Release|Any CPU.Build.0 = Release|Any CPU
		{EC37DF1C-4732-4B06-A95F-C03366D9F360}.Release|ARM.ActiveCfg = Release|Any CPU
		{EC37DF1C-4732-4B06-A95F-C03366D9F360}.Release|ARM.Build.0 = Release|Any CPU
		{EC37DF1C-4732-4B06-A95F-C03366D9F360}.Release|ARM64.ActiveCfg = Release|Any CPU
		{EC37DF1C-4732-4B06-A95F-C03366D9F360}.Release|ARM64.Build.0 = Release|Any CPU
		{EC37DF1C-4732-4B06-A95F-C03366D9F360}.Release|iPhone.ActiveCfg = Release|Any CPU
		{EC37DF1C-4732-4B06-A95F-C03366D9F360}.Release|iPhone.Build.0 = Release|Any CPU
		{EC37DF1C-4732-4B06-A95F-C03366D9F360}.Release|iPhoneSimulator.ActiveCfg = Release|Any CPU
		{EC37DF1C-4732-4B06-A95F-C03366D9F360}.Release|iPhoneSimulator.Build.0 = Release|Any CPU
		{EC37DF1C-4732-4B06-A95F-C03366D9F360}.Release|x64.ActiveCfg = Release|Any CPU
		{EC37DF1C-4732-4B06-A95F-C03366D9F360}.Release|x64.Build.0 = Release|Any CPU
		{EC37DF1C-4732-4B06-A95F-C03366D9F360}.Release|x86.ActiveCfg = Release|Any CPU
		{EC37DF1C-4732-4B06-A95F-C03366D9F360}.Release|x86.Build.0 = Release|Any CPU
		{26D32D7D-C0A4-4A5B-88DF-9BECC246CBEE}.Debug|Any CPU.ActiveCfg = Debug|Any CPU
		{26D32D7D-C0A4-4A5B-88DF-9BECC246CBEE}.Debug|Any CPU.Build.0 = Debug|Any CPU
		{26D32D7D-C0A4-4A5B-88DF-9BECC246CBEE}.Debug|ARM.ActiveCfg = Debug|Any CPU
		{26D32D7D-C0A4-4A5B-88DF-9BECC246CBEE}.Debug|ARM.Build.0 = Debug|Any CPU
		{26D32D7D-C0A4-4A5B-88DF-9BECC246CBEE}.Debug|ARM64.ActiveCfg = Debug|Any CPU
		{26D32D7D-C0A4-4A5B-88DF-9BECC246CBEE}.Debug|ARM64.Build.0 = Debug|Any CPU
		{26D32D7D-C0A4-4A5B-88DF-9BECC246CBEE}.Debug|iPhone.ActiveCfg = Debug|Any CPU
		{26D32D7D-C0A4-4A5B-88DF-9BECC246CBEE}.Debug|iPhone.Build.0 = Debug|Any CPU
		{26D32D7D-C0A4-4A5B-88DF-9BECC246CBEE}.Debug|iPhoneSimulator.ActiveCfg = Debug|Any CPU
		{26D32D7D-C0A4-4A5B-88DF-9BECC246CBEE}.Debug|iPhoneSimulator.Build.0 = Debug|Any CPU
		{26D32D7D-C0A4-4A5B-88DF-9BECC246CBEE}.Debug|x64.ActiveCfg = Debug|Any CPU
		{26D32D7D-C0A4-4A5B-88DF-9BECC246CBEE}.Debug|x64.Build.0 = Debug|Any CPU
		{26D32D7D-C0A4-4A5B-88DF-9BECC246CBEE}.Debug|x86.ActiveCfg = Debug|Any CPU
		{26D32D7D-C0A4-4A5B-88DF-9BECC246CBEE}.Debug|x86.Build.0 = Debug|Any CPU
		{26D32D7D-C0A4-4A5B-88DF-9BECC246CBEE}.Release|Any CPU.ActiveCfg = Release|Any CPU
		{26D32D7D-C0A4-4A5B-88DF-9BECC246CBEE}.Release|Any CPU.Build.0 = Release|Any CPU
		{26D32D7D-C0A4-4A5B-88DF-9BECC246CBEE}.Release|ARM.ActiveCfg = Release|Any CPU
		{26D32D7D-C0A4-4A5B-88DF-9BECC246CBEE}.Release|ARM.Build.0 = Release|Any CPU
		{26D32D7D-C0A4-4A5B-88DF-9BECC246CBEE}.Release|ARM64.ActiveCfg = Release|Any CPU
		{26D32D7D-C0A4-4A5B-88DF-9BECC246CBEE}.Release|ARM64.Build.0 = Release|Any CPU
		{26D32D7D-C0A4-4A5B-88DF-9BECC246CBEE}.Release|iPhone.ActiveCfg = Release|Any CPU
		{26D32D7D-C0A4-4A5B-88DF-9BECC246CBEE}.Release|iPhone.Build.0 = Release|Any CPU
		{26D32D7D-C0A4-4A5B-88DF-9BECC246CBEE}.Release|iPhoneSimulator.ActiveCfg = Release|Any CPU
		{26D32D7D-C0A4-4A5B-88DF-9BECC246CBEE}.Release|iPhoneSimulator.Build.0 = Release|Any CPU
		{26D32D7D-C0A4-4A5B-88DF-9BECC246CBEE}.Release|x64.ActiveCfg = Release|Any CPU
		{26D32D7D-C0A4-4A5B-88DF-9BECC246CBEE}.Release|x64.Build.0 = Release|Any CPU
		{26D32D7D-C0A4-4A5B-88DF-9BECC246CBEE}.Release|x86.ActiveCfg = Release|Any CPU
		{26D32D7D-C0A4-4A5B-88DF-9BECC246CBEE}.Release|x86.Build.0 = Release|Any CPU
		{4BEB559F-1483-410B-9E68-7CA4F3039089}.Debug|Any CPU.ActiveCfg = Debug|Any CPU
		{4BEB559F-1483-410B-9E68-7CA4F3039089}.Debug|Any CPU.Build.0 = Debug|Any CPU
		{4BEB559F-1483-410B-9E68-7CA4F3039089}.Debug|ARM.ActiveCfg = Debug|Any CPU
		{4BEB559F-1483-410B-9E68-7CA4F3039089}.Debug|ARM.Build.0 = Debug|Any CPU
		{4BEB559F-1483-410B-9E68-7CA4F3039089}.Debug|ARM64.ActiveCfg = Debug|Any CPU
		{4BEB559F-1483-410B-9E68-7CA4F3039089}.Debug|ARM64.Build.0 = Debug|Any CPU
		{4BEB559F-1483-410B-9E68-7CA4F3039089}.Debug|iPhone.ActiveCfg = Debug|Any CPU
		{4BEB559F-1483-410B-9E68-7CA4F3039089}.Debug|iPhone.Build.0 = Debug|Any CPU
		{4BEB559F-1483-410B-9E68-7CA4F3039089}.Debug|iPhoneSimulator.ActiveCfg = Debug|Any CPU
		{4BEB559F-1483-410B-9E68-7CA4F3039089}.Debug|iPhoneSimulator.Build.0 = Debug|Any CPU
		{4BEB559F-1483-410B-9E68-7CA4F3039089}.Debug|x64.ActiveCfg = Debug|Any CPU
		{4BEB559F-1483-410B-9E68-7CA4F3039089}.Debug|x64.Build.0 = Debug|Any CPU
		{4BEB559F-1483-410B-9E68-7CA4F3039089}.Debug|x86.ActiveCfg = Debug|Any CPU
		{4BEB559F-1483-410B-9E68-7CA4F3039089}.Debug|x86.Build.0 = Debug|Any CPU
		{4BEB559F-1483-410B-9E68-7CA4F3039089}.Release|Any CPU.ActiveCfg = Release|Any CPU
		{4BEB559F-1483-410B-9E68-7CA4F3039089}.Release|Any CPU.Build.0 = Release|Any CPU
		{4BEB559F-1483-410B-9E68-7CA4F3039089}.Release|ARM.ActiveCfg = Release|Any CPU
		{4BEB559F-1483-410B-9E68-7CA4F3039089}.Release|ARM.Build.0 = Release|Any CPU
		{4BEB559F-1483-410B-9E68-7CA4F3039089}.Release|ARM64.ActiveCfg = Release|Any CPU
		{4BEB559F-1483-410B-9E68-7CA4F3039089}.Release|ARM64.Build.0 = Release|Any CPU
		{4BEB559F-1483-410B-9E68-7CA4F3039089}.Release|iPhone.ActiveCfg = Release|Any CPU
		{4BEB559F-1483-410B-9E68-7CA4F3039089}.Release|iPhone.Build.0 = Release|Any CPU
		{4BEB559F-1483-410B-9E68-7CA4F3039089}.Release|iPhoneSimulator.ActiveCfg = Release|Any CPU
		{4BEB559F-1483-410B-9E68-7CA4F3039089}.Release|iPhoneSimulator.Build.0 = Release|Any CPU
		{4BEB559F-1483-410B-9E68-7CA4F3039089}.Release|x64.ActiveCfg = Release|Any CPU
		{4BEB559F-1483-410B-9E68-7CA4F3039089}.Release|x64.Build.0 = Release|Any CPU
		{4BEB559F-1483-410B-9E68-7CA4F3039089}.Release|x86.ActiveCfg = Release|Any CPU
		{4BEB559F-1483-410B-9E68-7CA4F3039089}.Release|x86.Build.0 = Release|Any CPU
	EndGlobalSection
	GlobalSection(SolutionProperties) = preSolution
		HideSolutionNode = FALSE
	EndGlobalSection
	GlobalSection(NestedProjects) = preSolution
		{D0CFCEDA-182D-4C20-8D7E-F0F73F0F4F47} = {A65D2569-A087-431D-8B43-2E5793E77ADD}
		{4CBC3679-B895-437D-9983-015C2B726A6E} = {A65D2569-A087-431D-8B43-2E5793E77ADD}
		{2189102C-8698-4760-A2C5-ADED686F84E2} = {D0CFCEDA-182D-4C20-8D7E-F0F73F0F4F47}
		{8AAA0B28-1E1C-4535-97B6-3AA5F56F9163} = {D0CFCEDA-182D-4C20-8D7E-F0F73F0F4F47}
		{4A7A791A-88B6-437D-BD15-6C1DB4A52F49} = {D0CFCEDA-182D-4C20-8D7E-F0F73F0F4F47}
		{BF9E29AF-F435-4A50-9A0C-9379269B797A} = {D0CFCEDA-182D-4C20-8D7E-F0F73F0F4F47}
		{1C3366C7-9BAB-4200-B7A4-025E4B806170} = {D0CFCEDA-182D-4C20-8D7E-F0F73F0F4F47}
		{EC37DF1C-4732-4B06-A95F-C03366D9F360} = {A65D2569-A087-431D-8B43-2E5793E77ADD}
		{26D32D7D-C0A4-4A5B-88DF-9BECC246CBEE} = {F4A695FE-7803-4C21-8461-B9D908B89A82}
		{4BEB559F-1483-410B-9E68-7CA4F3039089} = {F4A695FE-7803-4C21-8461-B9D908B89A82}
	EndGlobalSection
	GlobalSection(ExtensibilityGlobals) = postSolution
		SolutionGuid = {98933E49-A92F-428C-8A45-427F72B40B72}
	EndGlobalSection
EndGlobal
